<?xml version="1.0" encoding="utf-8"?>
<Project ToolsVersion="4.0" xmlns="http://schemas.microsoft.com/developer/msbuild/2003">
  <ItemGroup>
    <Filter Include="Source Files">
      <UniqueIdentifier>{4FC737F1-C7A5-4376-A066-2A32D752A2FF}</UniqueIdentifier>
      <Extensions>cpp;c;cc;cxx;def;odl;idl;hpj;bat;asm;asmx</Extensions>
    </Filter>
    <Filter Include="Header Files">
      <UniqueIdentifier>{93995380-89BD-4b04-88EB-625FBE52EBFB}</UniqueIdentifier>
      <Extensions>h;hpp;hxx;hm;inl;inc;xsd</Extensions>
    </Filter>
    <Filter Include="Resource Files">
      <UniqueIdentifier>{67DA6AB6-F800-4c08-8B7A-83BB121AAD01}</UniqueIdentifier>
      <Extensions>rc;ico;cur;bmp;dlg;rc2;rct;bin;rgs;gif;jpg;jpeg;jpe;resx;tiff;tif;png;wav;mfcribbon-ms</Extensions>
    </Filter>
    <Filter Include="AlgoritmoGeneticos">
      <UniqueIdentifier>{e108d1b9-778a-4f0e-b16e-4d8b2a15f898}</UniqueIdentifier>
    </Filter>
    <Filter Include="RedNeuronal">
      <UniqueIdentifier>{a1a07b99-74bc-4618-a4e3-0c19a4bc244a}</UniqueIdentifier>
    </Filter>
    <Filter Include="Imagen">
      <UniqueIdentifier>{07d75921-5a89-424e-9c6f-9b2f01d7dce1}</UniqueIdentifier>
    </Filter>
  </ItemGroup>
  <ItemGroup>
    <ClCompile Include="Interfaz.cpp">
      <Filter>Source Files</Filter>
    </ClCompile>
    <ClCompile Include="AgAlgoritmoGenetico.cpp">
      <Filter>AlgoritmoGeneticos</Filter>
    </ClCompile>
    <ClCompile Include="RedNeuronal.cpp">
      <Filter>RedNeuronal</Filter>
    </ClCompile>
    <ClCompile Include="Neurona.cpp">
      <Filter>RedNeuronal</Filter>
    </ClCompile>
    <ClCompile Include="Capa.cpp">
      <Filter>RedNeuronal</Filter>
    </ClCompile>
    <ClCompile Include="Imagen.cpp">
      <Filter>Imagen</Filter>
    </ClCompile>
    <ClCompile Include="AgPoblacion.cpp">
      <Filter>AlgoritmoGeneticos</Filter>
    </ClCompile>
    <ClCompile Include="AgCromosoma.cpp">
      <Filter>AlgoritmoGeneticos</Filter>
    </ClCompile>
  </ItemGroup>
  <ItemGroup>
    <ClInclude Include="Interfaz.h">
      <Filter>Header Files</Filter>
    </ClInclude>
    <ClInclude Include="AgAlgoritmoGenetico.h">
      <Filter>AlgoritmoGeneticos</Filter>
    </ClInclude>
    <ClInclude Include="Neurona.h">
      <Filter>RedNeuronal</Filter>
    </ClInclude>
    <ClInclude Include="RedNeuronal.h">
      <Filter>RedNeuronal</Filter>
    </ClInclude>
    <ClInclude Include="Capa.h">
      <Filter>RedNeuronal</Filter>
    </ClInclude>
    <ClInclude Include="Imagen.h">
      <Filter>Imagen</Filter>
    </ClInclude>
    <ClInclude Include="AgPoblacion.h">
      <Filter>AlgoritmoGeneticos</Filter>
    </ClInclude>
    <ClInclude Include="AgCromosoma.h">
      <Filter>AlgoritmoGeneticos</Filter>
    </ClInclude>
  </ItemGroup>
  <ItemGroup>
    <EmbeddedResource Include="Interfaz.resx">
      <Filter>Resource Files</Filter>
    </EmbeddedResource>
  </ItemGroup>
</Project>